
Microsoft Visual Studio Solution File, Format Version 12.00
# Visual Studio Version 16
VisualStudioVersion = 16.0.31727.386
MinimumVisualStudioVersion = 10.0.40219.1
Project("{F184B08F-C81C-45F6-A57F-5ABD9991F28F}") = "WindowsApplication1", "WindowsApplication1\WindowsApplication1.vbproj", "{ACD1A64C-6591-4BAD-829B-14DA103EFFB4}"
EndProject
Project("{2150E333-8FDC-42A3-9474-1A3956D46DE8}") = "Solution Items", "Solution Items", "{6BDBFB20-44D4-42E4-9D47-18E0425CF226}"
	ProjectSection(SolutionItems) = preProject
		.editorconfig = .editorconfig
	EndProjectSection
EndProject
Global
	GlobalSection(SolutionConfigurationPlatforms) = preSolution
		Debug|x86 = Debug|x86
		Release|x86 = Release|x86
	EndGlobalSection
	GlobalSection(ProjectConfigurationPlatforms) = postSolution
		{ACD1A64C-6591-4BAD-829B-14DA103EFFB4}.Debug|x86.ActiveCfg = Debug|x86
		{ACD1A64C-6591-4BAD-829B-14DA103EFFB4}.Debug|x86.Build.0 = Debug|x86
		{ACD1A64C-6591-4BAD-829B-14DA103EFFB4}.Release|x86.ActiveCfg = Release|x86
		{ACD1A64C-6591-4BAD-829B-14DA103EFFB4}.Release|x86.Build.0 = Release|x86
	EndGlobalSection
	GlobalSection(SolutionProperties) = preSolution
		HideSolutionNode = FALSE
	EndGlobalSection
	GlobalSection(ExtensibilityGlobals) = postSolution
		SolutionGuid = {7EAE556A-5483-41BF-A542-91E8F31EA1FB}
	EndGlobalSection
EndGlobal
